
Microsoft Visual Studio Solution File, Format Version 12.00
# Visual Studio 2013
VisualStudioVersion = 12.0.21005.1
MinimumVisualStudioVersion = 10.0.40219.1
Project("{FAE04EC0-301F-11D3-BF4B-00C04F79EFBC}") = "desviacionymedia", "desviacionymedia\desviacionymedia.csproj", "{59615FA6-9E4A-4F77-9400-2F9D9CCBEFCD}"
EndProject
Global
	GlobalSection(SolutionConfigurationPlatforms) = preSolution
		Debug|Any CPU = Debug|Any CPU
		Release|Any CPU = Release|Any CPU
	EndGlobalSection
	GlobalSection(ProjectConfigurationPlatforms) = postSolution
		{59615FA6-9E4A-4F77-9400-2F9D9CCBEFCD}.Debug|Any CPU.ActiveCfg = Debug|Any CPU
		{59615FA6-9E4A-4F77-9400-2F9D9CCBEFCD}.Debug|Any CPU.Build.0 = Debug|Any CPU
		{59615FA6-9E4A-4F77-9400-2F9D9CCBEFCD}.Release|Any CPU.ActiveCfg = Release|Any CPU
		{59615FA6-9E4A-4F77-9400-2F9D9CCBEFCD}.Release|Any CPU.Build.0 = Release|Any CPU
	EndGlobalSection
	GlobalSection(SolutionProperties) = preSolution
		HideSolutionNode = FALSE
	EndGlobalSection
EndGlobal
